{
  "name": "vorlagen-generator",
  "lockfileVersion": 3,
  "requires": true,
  "packages": {
    "": {
      "name": "vorlagen-generator",
      "dependencies": {
        "@upstash/redis": "^1.34.3"
      }
    },
    "node_modules/@upstash/redis": {
      "version": "1.37.0",
      "resolved": "https://registry.npmjs.org/@upstash/redis/-/redis-1.37.0.tgz",
      "integrity": "sha512-LqOJ3+XWPLSZ2rGSed5DYG3ixybxb8EhZu3yQqF7MdZX1wLBG/FRcI6xcUZXHy/SS7mmXWyadrud0HJHkOc+uw==",
      "license": "MIT",
      "dependencies": {
        "uncrypto": "^0.1.3"
      }
    },
    "node_modules/uncrypto": {
      "version": "0.1.3",
      "resolved": "https://registry.npmjs.org/uncrypto/-/uncrypto-0.1.3.tgz",
      "integrity": "sha512-Ql87qFHB3s/De2ClA9e0gsnS6zXG27SkTiSJwjCc9MebbfapQfuPzumMIUMi38ezPZVNFcHI9sUIepeQfw8J8Q==",
      "license": "MIT"
    }
  }
}
